
Microsoft Visual Studio Solution File, Format Version 12.00
# Visual Studio Version 16
VisualStudioVersion = 16.0.31702.278
MinimumVisualStudioVersion = 10.0.40219.1
Project("{FAE04EC0-301F-11D3-BF4B-00C04F79EFBC}") = "RM_APIs", "RM_APIs\RM_APIs.csproj", "{28D55653-609C-48F9-A1EF-0C75BA631021}"
EndProject
Global
	GlobalSection(SolutionConfigurationPlatforms) = preSolution
		Debug|Any CPU = Debug|Any CPU
		Release|Any CPU = Release|Any CPU
	EndGlobalSection
	GlobalSection(ProjectConfigurationPlatforms) = postSolution
		{28D55653-609C-48F9-A1EF-0C75BA631021}.Debug|Any CPU.ActiveCfg = Debug|Any CPU
		{28D55653-609C-48F9-A1EF-0C75BA631021}.Debug|Any CPU.Build.0 = Debug|Any CPU
		{28D55653-609C-48F9-A1EF-0C75BA631021}.Release|Any CPU.ActiveCfg = Release|Any CPU
		{28D55653-609C-48F9-A1EF-0C75BA631021}.Release|Any CPU.Build.0 = Release|Any CPU
	EndGlobalSection
	GlobalSection(SolutionProperties) = preSolution
		HideSolutionNode = FALSE
	EndGlobalSection
	GlobalSection(ExtensibilityGlobals) = postSolution
		SolutionGuid = {F788C8FB-313F-4334-8443-45CB5ACB98F2}
	EndGlobalSection
EndGlobal
